
Microsoft Visual Studio Solution File, Format Version 10.00
# Visual C++ Express 2008
Project("{8BC9CEB8-8B4A-11D0-8D11-00A0C91BC942}") = "DoW2__cope.dll", "DoW2__cope.dll\DoW2__cope.dll.vcproj", "{943C81AC-D08A-41A9-A1B8-F81898569616}"
EndProject
Global
	GlobalSection(SolutionConfigurationPlatforms) = preSolution
		Debug|Win32 = Debug|Win32
		Release|Win32 = Release|Win32
	EndGlobalSection
	GlobalSection(ProjectConfigurationPlatforms) = postSolution
		{943C81AC-D08A-41A9-A1B8-F81898569616}.Debug|Win32.ActiveCfg = Debug|Win32
		{943C81AC-D08A-41A9-A1B8-F81898569616}.Debug|Win32.Build.0 = Debug|Win32
		{943C81AC-D08A-41A9-A1B8-F81898569616}.Release|Win32.ActiveCfg = Release|Win32
		{943C81AC-D08A-41A9-A1B8-F81898569616}.Release|Win32.Build.0 = Release|Win32
	EndGlobalSection
	GlobalSection(SolutionProperties) = preSolution
		HideSolutionNode = FALSE
	EndGlobalSection
EndGlobal
