
Microsoft Visual Studio Solution File, Format Version 11.00
# Visual Studio 2010
Project("{8BC9CEB8-8B4A-11D0-8D11-00A0C91BC942}") = "FactionFix", "FactionFix\FactionFix.vcxproj", "{59829933-8CE8-44F4-860D-F6655B260FEA}"
EndProject
Global
	GlobalSection(SolutionConfigurationPlatforms) = preSolution
		Debug|Win32 = Debug|Win32
		Release|Win32 = Release|Win32
	EndGlobalSection
	GlobalSection(ProjectConfigurationPlatforms) = postSolution
		{59829933-8CE8-44F4-860D-F6655B260FEA}.Debug|Win32.ActiveCfg = Debug|Win32
		{59829933-8CE8-44F4-860D-F6655B260FEA}.Debug|Win32.Build.0 = Debug|Win32
		{59829933-8CE8-44F4-860D-F6655B260FEA}.Release|Win32.ActiveCfg = Release|Win32
		{59829933-8CE8-44F4-860D-F6655B260FEA}.Release|Win32.Build.0 = Release|Win32
	EndGlobalSection
	GlobalSection(SolutionProperties) = preSolution
		HideSolutionNode = FALSE
	EndGlobalSection
EndGlobal
