Microsoft Visual Studio Solution File, Format Version 12.00
# Visual Studio Version 17
VisualStudioVersion = 17.5.2.0
MinimumVisualStudioVersion = 10.0.40219.1
Project("{FAE04EC0-301F-11D3-BF4B-00C04F79EFBC}") = "DefenseAdmin", "DefenseAdmin.csproj", "{F53F6B55-0949-A525-3E59-F1001982830D}"
EndProject
Global
	GlobalSection(SolutionConfigurationPlatforms) = preSolution
		Debug|Any CPU = Debug|Any CPU
		Release|Any CPU = Release|Any CPU
	EndGlobalSection
	GlobalSection(ProjectConfigurationPlatforms) = postSolution
		{F53F6B55-0949-A525-3E59-F1001982830D}.Debug|Any CPU.ActiveCfg = Debug|Any CPU
		{F53F6B55-0949-A525-3E59-F1001982830D}.Debug|Any CPU.Build.0 = Debug|Any CPU
		{F53F6B55-0949-A525-3E59-F1001982830D}.Release|Any CPU.ActiveCfg = Release|Any CPU
		{F53F6B55-0949-A525-3E59-F1001982830D}.Release|Any CPU.Build.0 = Release|Any CPU
	EndGlobalSection
	GlobalSection(SolutionProperties) = preSolution
		HideSolutionNode = FALSE
	EndGlobalSection
	GlobalSection(ExtensibilityGlobals) = postSolution
		SolutionGuid = {DD4856EE-CB32-478C-AEC9-12C92F8ACE08}
	EndGlobalSection
EndGlobal
