
Microsoft Visual Studio Solution File, Format Version 11.00
# Visual Studio 2010
Project("{FAE04EC0-301F-11D3-BF4B-00C04F79EFBC}") = "RBFCompiler", "RBFCompiler\RBFCompiler.csproj", "{D0511698-26E3-4047-B284-95D9C9037ACC}"
EndProject
Project("{FAE04EC0-301F-11D3-BF4B-00C04F79EFBC}") = "RBFCompilerGUI", "RBFCompilerGUI\RBFCompilerGUI.csproj", "{D5E26E09-454F-47C8-BEEF-6C785059C113}"
EndProject
Global
	GlobalSection(SolutionConfigurationPlatforms) = preSolution
		Debug|Any CPU = Debug|Any CPU
		Debug|Mixed Platforms = Debug|Mixed Platforms
		Debug|x86 = Debug|x86
		Release|Any CPU = Release|Any CPU
		Release|Mixed Platforms = Release|Mixed Platforms
		Release|x86 = Release|x86
	EndGlobalSection
	GlobalSection(ProjectConfigurationPlatforms) = postSolution
		{D0511698-26E3-4047-B284-95D9C9037ACC}.Debug|Any CPU.ActiveCfg = Debug|Any CPU
		{D0511698-26E3-4047-B284-95D9C9037ACC}.Debug|Any CPU.Build.0 = Debug|Any CPU
		{D0511698-26E3-4047-B284-95D9C9037ACC}.Debug|Mixed Platforms.ActiveCfg = Debug|Any CPU
		{D0511698-26E3-4047-B284-95D9C9037ACC}.Debug|Mixed Platforms.Build.0 = Debug|Any CPU
		{D0511698-26E3-4047-B284-95D9C9037ACC}.Debug|x86.ActiveCfg = Debug|Any CPU
		{D0511698-26E3-4047-B284-95D9C9037ACC}.Release|Any CPU.ActiveCfg = Release|Any CPU
		{D0511698-26E3-4047-B284-95D9C9037ACC}.Release|Any CPU.Build.0 = Release|Any CPU
		{D0511698-26E3-4047-B284-95D9C9037ACC}.Release|Mixed Platforms.ActiveCfg = Release|Any CPU
		{D0511698-26E3-4047-B284-95D9C9037ACC}.Release|Mixed Platforms.Build.0 = Release|Any CPU
		{D0511698-26E3-4047-B284-95D9C9037ACC}.Release|x86.ActiveCfg = Release|x86
		{D0511698-26E3-4047-B284-95D9C9037ACC}.Release|x86.Build.0 = Release|x86
		{D5E26E09-454F-47C8-BEEF-6C785059C113}.Debug|Any CPU.ActiveCfg = Debug|x86
		{D5E26E09-454F-47C8-BEEF-6C785059C113}.Debug|Mixed Platforms.ActiveCfg = Debug|x86
		{D5E26E09-454F-47C8-BEEF-6C785059C113}.Debug|Mixed Platforms.Build.0 = Debug|x86
		{D5E26E09-454F-47C8-BEEF-6C785059C113}.Debug|x86.ActiveCfg = Debug|x86
		{D5E26E09-454F-47C8-BEEF-6C785059C113}.Debug|x86.Build.0 = Debug|x86
		{D5E26E09-454F-47C8-BEEF-6C785059C113}.Release|Any CPU.ActiveCfg = Release|x86
		{D5E26E09-454F-47C8-BEEF-6C785059C113}.Release|Mixed Platforms.ActiveCfg = Release|x86
		{D5E26E09-454F-47C8-BEEF-6C785059C113}.Release|Mixed Platforms.Build.0 = Release|x86
		{D5E26E09-454F-47C8-BEEF-6C785059C113}.Release|x86.ActiveCfg = Release|x86
		{D5E26E09-454F-47C8-BEEF-6C785059C113}.Release|x86.Build.0 = Release|x86
	EndGlobalSection
	GlobalSection(SolutionProperties) = preSolution
		HideSolutionNode = FALSE
	EndGlobalSection
EndGlobal
